{
  "name": "barracuda-api",
  "version": "1.0.0",
  "lockfileVersion": 3,
  "requires": true,
  "packages": {
    "": {
      "name": "barracuda-api",
      "version": "1.0.0",
      "dependencies": {
        "cors": "2.8.5",
        "express": "4.18.2",
        "jsonwebtoken": "9.0.2"
      }
    },
    "node_modules/cors": {
      "version": "2.8.5",
      "resolved": "https://registry.npmjs.org/cors/-/cors-2.8.5.tgz",
      "integrity": "sha512-KTIUuYHKWrs4kX3lJm0CkvCmvYz3O2NjEAttrfh5N2Fmo175O0NGc7j+P5mXnY6S/ZL4pUV6bBaQ0RKZ3lFX4g==",
      "dependencies": {
        "object-assign": "4.1.1",
        "vary": "1.1.2"
      }
    },
    "node_modules/object-assign": {
      "version": "4.1.1",
      "resolved": "https://registry.npmjs.org/object-assign/-/object-assign-4.1.1.tgz",
      "integrity": "sha512-rJfx1IUo2OwP1RERInq/Zx14N3p0cI85sKcN5dOCRDkVA06BvZKtLb4Egj6P23vHa8QADQQ5p+7x1ZJT5lUpDQ=="
    },
    "node_modules/vary": {
      "version": "1.1.2",
      "resolved": "https://registry.npmjs.org/vary/-/vary-1.1.2.tgz",
      "integrity": "sha512-19u3K0NEnB2eKuuNHf0gFQ08l1Yq8CNZBHwFfA0xKSMTfGZJyLlJfFp1hWiYnUQ7d5qKFF/XC/pVtPfwFZ8LFA=="
    },
    "node_modules/express": {
      "version": "4.18.2",
      "resolved": "https://registry.npmjs.org/express/-/express-4.18.2.tgz",
      "integrity": "sha512-5/PsLPS9Yz1xsVXniQIuWb5NW2lE8p8nH3UX0YPD6/COM24kTx5cDIeEJD7BqXc9E+u6KDAdM8N1sC6W5sRFvg==",
      "dependencies": {
        "accepts": "~1.3.8",
        "array-flatten": "1.1.1",
        "body-parser": "1.20.1",
        "content-disposition": "0.5.4",
        "content-type": "~1.0.4",
        "cookie": "0.5.0",
        "cookie-signature": "1.0.6",
        "debug": "2.6.9",
        "depd": "2.0.0",
        "encodeurl": "~1.0.2",
        "escape-html": "1.0.3",
        "etag": "~1.8.1",
        "finalhandler": "~1.2.0",
        "fresh": "0.5.2",
        "http-errors": "2.0.0",
        "merge-descriptors": "1.0.1",
        "methods": "~1.1.2",
        "on-finished": "2.4.1",
        "parseurl": "~1.3.3",
        "path-to-regexp": "0.1.7",
        "proxy-addr": "~2.0.7",
        "qs": "6.11.0",
        "range-parser": "~1.2.1",
        "safe-buffer": "5.2.1",
        "send": "0.18.0",
        "serve-static": "1.15.0",
        "setprototypeof": "1.2.0",
        "statuses": "2.0.1",
        "type-is": "~1.6.18",
        "utils-merge": "1.0.1",
        "vary": "~1.1.2"
      }
    },
    "node_modules/jsonwebtoken": {
      "version": "9.0.2",
      "resolved": "https://registry.npmjs.org/jsonwebtoken/-/jsonwebtoken-9.0.2.tgz",
      "integrity": "sha512-hsMj3c2NnVmOAXo5Uu6KnVSsjQKdMglljNbR8IUiOYKuhl7HnK5w10tOnmJ6WbHYOybI6YTy8M3xHZxplU5qeA==",
      "dependencies": {
        "jws": "3.2.2",
        "lodash.includes": "4.3.0",
        "lodash.isboolean": "3.0.3",
        "lodash.isinteger": "4.0.4",
        "lodash.isnumber": "3.0.3",
        "lodash.isplainobject": "4.0.6",
        "lodash.isstring": "4.0.1",
        "lodash.once": "4.1.1",
        "ms": "2.1.3",
        "semver": "7.7.3"
      }
    },
    "node_modules/jws": {
      "version": "3.2.2",
      "resolved": "https://registry.npmjs.org/jws/-/jws-3.2.2.tgz",
      "integrity": "sha512-YZ1fr6Q0G7nZlAo0bI7IuP89xDSHLVQQP4SR0xFfH/YSceeln5DoPGPCKTRT7wvgjReLwNmsQ6Y3wr6pUszh8A==",
      "dependencies": {
        "jwa": "1.4.2",
        "safe-buffer": "5.2.1"
      }
    },
    "node_modules/jwa": {
      "version": "1.4.2",
      "resolved": "https://registry.npmjs.org/jwa/-/jwa-1.4.2.tgz",
      "integrity": "sha512-7XqE90Sc3vJ3ZbQ4dRolfk3R+...+pw==",
      "dependencies": {
        "buffer-equal-constant-time": "1.0.1",
        "ecdsa-sig-formatter": "1.0.11",
        "safe-buffer": "5.2.1"
      }
    }
  }
}
